
Microsoft Visual Studio Solution File, Format Version 12.00
# Visual Studio Version 16
VisualStudioVersion = 16.0.30804.86
MinimumVisualStudioVersion = 10.0.40219.1
Project("{FAE04EC0-301F-11D3-BF4B-00C04F79EFBC}") = "dizi", "dizi\dizi.csproj", "{D5C0A374-893F-4A7D-A8B9-80C4ADB4D6F6}"
EndProject
Global
	GlobalSection(SolutionConfigurationPlatforms) = preSolution
		Debug|Any CPU = Debug|Any CPU
		Release|Any CPU = Release|Any CPU
	EndGlobalSection
	GlobalSection(ProjectConfigurationPlatforms) = postSolution
		{D5C0A374-893F-4A7D-A8B9-80C4ADB4D6F6}.Debug|Any CPU.ActiveCfg = Debug|Any CPU
		{D5C0A374-893F-4A7D-A8B9-80C4ADB4D6F6}.Debug|Any CPU.Build.0 = Debug|Any CPU
		{D5C0A374-893F-4A7D-A8B9-80C4ADB4D6F6}.Release|Any CPU.ActiveCfg = Release|Any CPU
		{D5C0A374-893F-4A7D-A8B9-80C4ADB4D6F6}.Release|Any CPU.Build.0 = Release|Any CPU
	EndGlobalSection
	GlobalSection(SolutionProperties) = preSolution
		HideSolutionNode = FALSE
	EndGlobalSection
	GlobalSection(ExtensibilityGlobals) = postSolution
		SolutionGuid = {54C0B9F1-0AF4-46B6-AA5E-A7CE85879A83}
	EndGlobalSection
EndGlobal
